
Microsoft Visual Studio Solution File, Format Version 12.00
# Visual Studio Version 17
VisualStudioVersion = 17.8.34330.188
MinimumVisualStudioVersion = 10.0.40219.1
Project("{FAE04EC0-301F-11D3-BF4B-00C04F79EFBC}") = "JokesWebApp", "JokesWebApp.csproj", "{3BFD424C-0286-4325-8B2B-08715AB2154A}"
EndProject
Global
	GlobalSection(SolutionConfigurationPlatforms) = preSolution
		Debug|Any CPU = Debug|Any CPU
		Release|Any CPU = Release|Any CPU
	EndGlobalSection
	GlobalSection(ProjectConfigurationPlatforms) = postSolution
		{3BFD424C-0286-4325-8B2B-08715AB2154A}.Debug|Any CPU.ActiveCfg = Debug|Any CPU
		{3BFD424C-0286-4325-8B2B-08715AB2154A}.Debug|Any CPU.Build.0 = Debug|Any CPU
		{3BFD424C-0286-4325-8B2B-08715AB2154A}.Release|Any CPU.ActiveCfg = Release|Any CPU
		{3BFD424C-0286-4325-8B2B-08715AB2154A}.Release|Any CPU.Build.0 = Release|Any CPU
	EndGlobalSection
	GlobalSection(SolutionProperties) = preSolution
		HideSolutionNode = FALSE
	EndGlobalSection
	GlobalSection(ExtensibilityGlobals) = postSolution
		SolutionGuid = {3D0FC629-2A70-4296-92B5-A8CA6F7E0F93}
	EndGlobalSection
EndGlobal
